
Microsoft Visual Studio Solution File, Format Version 12.00
# Visual Studio Version 17
VisualStudioVersion = 17.1.31911.260
MinimumVisualStudioVersion = 10.0.40219.1
Project("{2150E333-8FDC-42A3-9474-1A3956D46DE8}") = "Solution Items", "Solution Items", "{9A3A7F70-F9F4-431C-9067-C7E7FA01F1CF}"
	ProjectSection(SolutionItems) = preProject
		.github\workflows\build.yml = .github\workflows\build.yml
		buildtools.json = buildtools.json
		Nuget.config = Nuget.config
		readme.md = readme.md
	EndProjectSection
EndProject
Project("{9A19103F-16F7-4668-BE54-9A1E7A4F7556}") = "Samples", "Samples\Samples\Samples.csproj", "{6DAC4A3F-4691-4217-BD37-9CC044616EF6}"
EndProject
Project("{FAE04EC0-301F-11D3-BF4B-00C04F79EFBC}") = "Samples.Android", "Samples\Samples.Android\Samples.Android.csproj", "{6A37B157-6AC6-4432-AF77-DAA5445BCB50}"
EndProject
Project("{FAE04EC0-301F-11D3-BF4B-00C04F79EFBC}") = "Samples.iOS", "Samples\Samples.iOS\Samples.iOS.csproj", "{A23E5113-A0B9-4523-B252-DB92DC382E4E}"
EndProject
Project("{2150E333-8FDC-42A3-9474-1A3956D46DE8}") = "Sample", "Sample", "{F47D2060-9080-405A-9292-819A8C83A403}"
EndProject
Project("{9A19103F-16F7-4668-BE54-9A1E7A4F7556}") = "Shiny.Framework", "src\Shiny.Framework\Shiny.Framework.csproj", "{0A10F54F-6E81-401F-BB5B-D176AD44FA4B}"
EndProject
Project("{2150E333-8FDC-42A3-9474-1A3956D46DE8}") = "lib", "lib", "{3BABA639-7803-4C8F-B597-9DE5EF755A31}"
	ProjectSection(SolutionItems) = preProject
		src\Directory.build.props = src\Directory.build.props
		src\Directory.build.targets = src\Directory.build.targets
	EndProjectSection
EndProject
Project("{9A19103F-16F7-4668-BE54-9A1E7A4F7556}") = "Shiny.Extensions.Localization", "src\Shiny.Extensions.Localization\Shiny.Extensions.Localization.csproj", "{DE5F623D-46DB-40CB-86A3-9A0F4556E0DC}"
EndProject
Project("{9A19103F-16F7-4668-BE54-9A1E7A4F7556}") = "Shiny.Extensions.Dialogs", "src\Shiny.Extensions.Dialogs\Shiny.Extensions.Dialogs.csproj", "{1858149A-1053-4762-9FAD-0DC7F40842E7}"
EndProject
Project("{9A19103F-16F7-4668-BE54-9A1E7A4F7556}") = "Shiny.Extensions.Dialogs.XfMaterial", "src\Shiny.Extensions.Dialogs.XfMaterial\Shiny.Extensions.Dialogs.XfMaterial.csproj", "{B41305FE-CEA1-4A3A-A33D-D3A13A702D0F}"
EndProject
Global
	GlobalSection(SolutionConfigurationPlatforms) = preSolution
		Debug|Any CPU = Debug|Any CPU
		Debug|ARM = Debug|ARM
		Debug|iPhone = Debug|iPhone
		Debug|iPhoneSimulator = Debug|iPhoneSimulator
		Debug|x64 = Debug|x64
		Debug|x86 = Debug|x86
		Release|Any CPU = Release|Any CPU
		Release|ARM = Release|ARM
		Release|iPhone = Release|iPhone
		Release|iPhoneSimulator = Release|iPhoneSimulator
		Release|x64 = Release|x64
		Release|x86 = Release|x86
	EndGlobalSection
	GlobalSection(ProjectConfigurationPlatforms) = postSolution
		{6DAC4A3F-4691-4217-BD37-9CC044616EF6}.Debug|Any CPU.ActiveCfg = Debug|Any CPU
		{6DAC4A3F-4691-4217-BD37-9CC044616EF6}.Debug|Any CPU.Build.0 = Debug|Any CPU
		{6DAC4A3F-4691-4217-BD37-9CC044616EF6}.Debug|ARM.ActiveCfg = Debug|Any CPU
		{6DAC4A3F-4691-4217-BD37-9CC044616EF6}.Debug|ARM.Build.0 = Debug|Any CPU
		{6DAC4A3F-4691-4217-BD37-9CC044616EF6}.Debug|iPhone.ActiveCfg = Debug|Any CPU
		{6DAC4A3F-4691-4217-BD37-9CC044616EF6}.Debug|iPhone.Build.0 = Debug|Any CPU
		{6DAC4A3F-4691-4217-BD37-9CC044616EF6}.Debug|iPhoneSimulator.ActiveCfg = Debug|Any CPU
		{6DAC4A3F-4691-4217-BD37-9CC044616EF6}.Debug|iPhoneSimulator.Build.0 = Debug|Any CPU
		{6DAC4A3F-4691-4217-BD37-9CC044616EF6}.Debug|x64.ActiveCfg = Debug|Any CPU
		{6DAC4A3F-4691-4217-BD37-9CC044616EF6}.Debug|x64.Build.0 = Debug|Any CPU
		{6DAC4A3F-4691-4217-BD37-9CC044616EF6}.Debug|x86.ActiveCfg = Debug|Any CPU
		{6DAC4A3F-4691-4217-BD37-9CC044616EF6}.Debug|x86.Build.0 = Debug|Any CPU
		{6DAC4A3F-4691-4217-BD37-9CC044616EF6}.Release|Any CPU.ActiveCfg = Release|Any CPU
		{6DAC4A3F-4691-4217-BD37-9CC044616EF6}.Release|Any CPU.Build.0 = Release|Any CPU
		{6DAC4A3F-4691-4217-BD37-9CC044616EF6}.Release|ARM.ActiveCfg = Release|Any CPU
		{6DAC4A3F-4691-4217-BD37-9CC044616EF6}.Release|ARM.Build.0 = Release|Any CPU
		{6DAC4A3F-4691-4217-BD37-9CC044616EF6}.Release|iPhone.ActiveCfg = Release|Any CPU
		{6DAC4A3F-4691-4217-BD37-9CC044616EF6}.Release|iPhone.Build.0 = Release|Any CPU
		{6DAC4A3F-4691-4217-BD37-9CC044616EF6}.Release|iPhoneSimulator.ActiveCfg = Release|Any CPU
		{6DAC4A3F-4691-4217-BD37-9CC044616EF6}.Release|iPhoneSimulator.Build.0 = Release|Any CPU
		{6DAC4A3F-4691-4217-BD37-9CC044616EF6}.Release|x64.ActiveCfg = Release|Any CPU
		{6DAC4A3F-4691-4217-BD37-9CC044616EF6}.Release|x64.Build.0 = Release|Any CPU
		{6DAC4A3F-4691-4217-BD37-9CC044616EF6}.Release|x86.ActiveCfg = Release|Any CPU
		{6DAC4A3F-4691-4217-BD37-9CC044616EF6}.Release|x86.Build.0 = Release|Any CPU
		{6A37B157-6AC6-4432-AF77-DAA5445BCB50}.Debug|Any CPU.ActiveCfg = Debug|Any CPU
		{6A37B157-6AC6-4432-AF77-DAA5445BCB50}.Debug|Any CPU.Build.0 = Debug|Any CPU
		{6A37B157-6AC6-4432-AF77-DAA5445BCB50}.Debug|Any CPU.Deploy.0 = Debug|Any CPU
		{6A37B157-6AC6-4432-AF77-DAA5445BCB50}.Debug|ARM.ActiveCfg = Debug|Any CPU
		{6A37B157-6AC6-4432-AF77-DAA5445BCB50}.Debug|ARM.Build.0 = Debug|Any CPU
		{6A37B157-6AC6-4432-AF77-DAA5445BCB50}.Debug|ARM.Deploy.0 = Debug|Any CPU
		{6A37B157-6AC6-4432-AF77-DAA5445BCB50}.Debug|iPhone.ActiveCfg = Debug|Any CPU
		{6A37B157-6AC6-4432-AF77-DAA5445BCB50}.Debug|iPhone.Build.0 = Debug|Any CPU
		{6A37B157-6AC6-4432-AF77-DAA5445BCB50}.Debug|iPhone.Deploy.0 = Debug|Any CPU
		{6A37B157-6AC6-4432-AF77-DAA5445BCB50}.Debug|iPhoneSimulator.ActiveCfg = Debug|Any CPU
		{6A37B157-6AC6-4432-AF77-DAA5445BCB50}.Debug|iPhoneSimulator.Build.0 = Debug|Any CPU
		{6A37B157-6AC6-4432-AF77-DAA5445BCB50}.Debug|iPhoneSimulator.Deploy.0 = Debug|Any CPU
		{6A37B157-6AC6-4432-AF77-DAA5445BCB50}.Debug|x64.ActiveCfg = Debug|Any CPU
		{6A37B157-6AC6-4432-AF77-DAA5445BCB50}.Debug|x64.Build.0 = Debug|Any CPU
		{6A37B157-6AC6-4432-AF77-DAA5445BCB50}.Debug|x64.Deploy.0 = Debug|Any CPU
		{6A37B157-6AC6-4432-AF77-DAA5445BCB50}.Debug|x86.ActiveCfg = Debug|Any CPU
		{6A37B157-6AC6-4432-AF77-DAA5445BCB50}.Debug|x86.Build.0 = Debug|Any CPU
		{6A37B157-6AC6-4432-AF77-DAA5445BCB50}.Debug|x86.Deploy.0 = Debug|Any CPU
		{6A37B157-6AC6-4432-AF77-DAA5445BCB50}.Release|Any CPU.ActiveCfg = Release|Any CPU
		{6A37B157-6AC6-4432-AF77-DAA5445BCB50}.Release|Any CPU.Build.0 = Release|Any CPU
		{6A37B157-6AC6-4432-AF77-DAA5445BCB50}.Release|Any CPU.Deploy.0 = Release|Any CPU
		{6A37B157-6AC6-4432-AF77-DAA5445BCB50}.Release|ARM.ActiveCfg = Release|Any CPU
		{6A37B157-6AC6-4432-AF77-DAA5445BCB50}.Release|ARM.Build.0 = Release|Any CPU
		{6A37B157-6AC6-4432-AF77-DAA5445BCB50}.Release|ARM.Deploy.0 = Release|Any CPU
		{6A37B157-6AC6-4432-AF77-DAA5445BCB50}.Release|iPhone.ActiveCfg = Release|Any CPU
		{6A37B157-6AC6-4432-AF77-DAA5445BCB50}.Release|iPhone.Build.0 = Release|Any CPU
		{6A37B157-6AC6-4432-AF77-DAA5445BCB50}.Release|iPhone.Deploy.0 = Release|Any CPU
		{6A37B157-6AC6-4432-AF77-DAA5445BCB50}.Release|iPhoneSimulator.ActiveCfg = Release|Any CPU
		{6A37B157-6AC6-4432-AF77-DAA5445BCB50}.Release|iPhoneSimulator.Build.0 = Release|Any CPU
		{6A37B157-6AC6-4432-AF77-DAA5445BCB50}.Release|iPhoneSimulator.Deploy.0 = Release|Any CPU
		{6A37B157-6AC6-4432-AF77-DAA5445BCB50}.Release|x64.ActiveCfg = Release|Any CPU
		{6A37B157-6AC6-4432-AF77-DAA5445BCB50}.Release|x64.Build.0 = Release|Any CPU
		{6A37B157-6AC6-4432-AF77-DAA5445BCB50}.Release|x64.Deploy.0 = Release|Any CPU
		{6A37B157-6AC6-4432-AF77-DAA5445BCB50}.Release|x86.ActiveCfg = Release|Any CPU
		{6A37B157-6AC6-4432-AF77-DAA5445BCB50}.Release|x86.Build.0 = Release|Any CPU
		{6A37B157-6AC6-4432-AF77-DAA5445BCB50}.Release|x86.Deploy.0 = Release|Any CPU
		{A23E5113-A0B9-4523-B252-DB92DC382E4E}.Debug|Any CPU.ActiveCfg = Debug|iPhoneSimulator
		{A23E5113-A0B9-4523-B252-DB92DC382E4E}.Debug|ARM.ActiveCfg = Debug|iPhoneSimulator
		{A23E5113-A0B9-4523-B252-DB92DC382E4E}.Debug|iPhone.ActiveCfg = Debug|iPhone
		{A23E5113-A0B9-4523-B252-DB92DC382E4E}.Debug|iPhone.Build.0 = Debug|iPhone
		{A23E5113-A0B9-4523-B252-DB92DC382E4E}.Debug|iPhoneSimulator.ActiveCfg = Debug|iPhoneSimulator
		{A23E5113-A0B9-4523-B252-DB92DC382E4E}.Debug|iPhoneSimulator.Build.0 = Debug|iPhoneSimulator
		{A23E5113-A0B9-4523-B252-DB92DC382E4E}.Debug|x64.ActiveCfg = Debug|iPhoneSimulator
		{A23E5113-A0B9-4523-B252-DB92DC382E4E}.Debug|x86.ActiveCfg = Debug|iPhoneSimulator
		{A23E5113-A0B9-4523-B252-DB92DC382E4E}.Release|Any CPU.ActiveCfg = Release|iPhoneSimulator
		{A23E5113-A0B9-4523-B252-DB92DC382E4E}.Release|ARM.ActiveCfg = Release|iPhoneSimulator
		{A23E5113-A0B9-4523-B252-DB92DC382E4E}.Release|iPhone.ActiveCfg = Release|iPhone
		{A23E5113-A0B9-4523-B252-DB92DC382E4E}.Release|iPhone.Build.0 = Release|iPhone
		{A23E5113-A0B9-4523-B252-DB92DC382E4E}.Release|iPhoneSimulator.ActiveCfg = Release|iPhoneSimulator
		{A23E5113-A0B9-4523-B252-DB92DC382E4E}.Release|iPhoneSimulator.Build.0 = Release|iPhoneSimulator
		{A23E5113-A0B9-4523-B252-DB92DC382E4E}.Release|x64.ActiveCfg = Release|iPhoneSimulator
		{A23E5113-A0B9-4523-B252-DB92DC382E4E}.Release|x86.ActiveCfg = Release|iPhoneSimulator
		{0A10F54F-6E81-401F-BB5B-D176AD44FA4B}.Debug|Any CPU.ActiveCfg = Debug|Any CPU
		{0A10F54F-6E81-401F-BB5B-D176AD44FA4B}.Debug|Any CPU.Build.0 = Debug|Any CPU
		{0A10F54F-6E81-401F-BB5B-D176AD44FA4B}.Debug|ARM.ActiveCfg = Debug|Any CPU
		{0A10F54F-6E81-401F-BB5B-D176AD44FA4B}.Debug|ARM.Build.0 = Debug|Any CPU
		{0A10F54F-6E81-401F-BB5B-D176AD44FA4B}.Debug|iPhone.ActiveCfg = Debug|Any CPU
		{0A10F54F-6E81-401F-BB5B-D176AD44FA4B}.Debug|iPhone.Build.0 = Debug|Any CPU
		{0A10F54F-6E81-401F-BB5B-D176AD44FA4B}.Debug|iPhoneSimulator.ActiveCfg = Debug|Any CPU
		{0A10F54F-6E81-401F-BB5B-D176AD44FA4B}.Debug|iPhoneSimulator.Build.0 = Debug|Any CPU
		{0A10F54F-6E81-401F-BB5B-D176AD44FA4B}.Debug|x64.ActiveCfg = Debug|Any CPU
		{0A10F54F-6E81-401F-BB5B-D176AD44FA4B}.Debug|x64.Build.0 = Debug|Any CPU
		{0A10F54F-6E81-401F-BB5B-D176AD44FA4B}.Debug|x86.ActiveCfg = Debug|Any CPU
		{0A10F54F-6E81-401F-BB5B-D176AD44FA4B}.Debug|x86.Build.0 = Debug|Any CPU
		{0A10F54F-6E81-401F-BB5B-D176AD44FA4B}.Release|Any CPU.ActiveCfg = Release|Any CPU
		{0A10F54F-6E81-401F-BB5B-D176AD44FA4B}.Release|Any CPU.Build.0 = Release|Any CPU
		{0A10F54F-6E81-401F-BB5B-D176AD44FA4B}.Release|ARM.ActiveCfg = Release|Any CPU
		{0A10F54F-6E81-401F-BB5B-D176AD44FA4B}.Release|ARM.Build.0 = Release|Any CPU
		{0A10F54F-6E81-401F-BB5B-D176AD44FA4B}.Release|iPhone.ActiveCfg = Release|Any CPU
		{0A10F54F-6E81-401F-BB5B-D176AD44FA4B}.Release|iPhone.Build.0 = Release|Any CPU
		{0A10F54F-6E81-401F-BB5B-D176AD44FA4B}.Release|iPhoneSimulator.ActiveCfg = Release|Any CPU
		{0A10F54F-6E81-401F-BB5B-D176AD44FA4B}.Release|iPhoneSimulator.Build.0 = Release|Any CPU
		{0A10F54F-6E81-401F-BB5B-D176AD44FA4B}.Release|x64.ActiveCfg = Release|Any CPU
		{0A10F54F-6E81-401F-BB5B-D176AD44FA4B}.Release|x64.Build.0 = Release|Any CPU
		{0A10F54F-6E81-401F-BB5B-D176AD44FA4B}.Release|x86.ActiveCfg = Release|Any CPU
		{0A10F54F-6E81-401F-BB5B-D176AD44FA4B}.Release|x86.Build.0 = Release|Any CPU
		{DE5F623D-46DB-40CB-86A3-9A0F4556E0DC}.Debug|Any CPU.ActiveCfg = Debug|Any CPU
		{DE5F623D-46DB-40CB-86A3-9A0F4556E0DC}.Debug|Any CPU.Build.0 = Debug|Any CPU
		{DE5F623D-46DB-40CB-86A3-9A0F4556E0DC}.Debug|ARM.ActiveCfg = Debug|Any CPU
		{DE5F623D-46DB-40CB-86A3-9A0F4556E0DC}.Debug|ARM.Build.0 = Debug|Any CPU
		{DE5F623D-46DB-40CB-86A3-9A0F4556E0DC}.Debug|iPhone.ActiveCfg = Debug|Any CPU
		{DE5F623D-46DB-40CB-86A3-9A0F4556E0DC}.Debug|iPhone.Build.0 = Debug|Any CPU
		{DE5F623D-46DB-40CB-86A3-9A0F4556E0DC}.Debug|iPhoneSimulator.ActiveCfg = Debug|Any CPU
		{DE5F623D-46DB-40CB-86A3-9A0F4556E0DC}.Debug|iPhoneSimulator.Build.0 = Debug|Any CPU
		{DE5F623D-46DB-40CB-86A3-9A0F4556E0DC}.Debug|x64.ActiveCfg = Debug|Any CPU
		{DE5F623D-46DB-40CB-86A3-9A0F4556E0DC}.Debug|x64.Build.0 = Debug|Any CPU
		{DE5F623D-46DB-40CB-86A3-9A0F4556E0DC}.Debug|x86.ActiveCfg = Debug|Any CPU
		{DE5F623D-46DB-40CB-86A3-9A0F4556E0DC}.Debug|x86.Build.0 = Debug|Any CPU
		{DE5F623D-46DB-40CB-86A3-9A0F4556E0DC}.Release|Any CPU.ActiveCfg = Release|Any CPU
		{DE5F623D-46DB-40CB-86A3-9A0F4556E0DC}.Release|Any CPU.Build.0 = Release|Any CPU
		{DE5F623D-46DB-40CB-86A3-9A0F4556E0DC}.Release|ARM.ActiveCfg = Release|Any CPU
		{DE5F623D-46DB-40CB-86A3-9A0F4556E0DC}.Release|ARM.Build.0 = Release|Any CPU
		{DE5F623D-46DB-40CB-86A3-9A0F4556E0DC}.Release|iPhone.ActiveCfg = Release|Any CPU
		{DE5F623D-46DB-40CB-86A3-9A0F4556E0DC}.Release|iPhone.Build.0 = Release|Any CPU
		{DE5F623D-46DB-40CB-86A3-9A0F4556E0DC}.Release|iPhoneSimulator.ActiveCfg = Release|Any CPU
		{DE5F623D-46DB-40CB-86A3-9A0F4556E0DC}.Release|iPhoneSimulator.Build.0 = Release|Any CPU
		{DE5F623D-46DB-40CB-86A3-9A0F4556E0DC}.Release|x64.ActiveCfg = Release|Any CPU
		{DE5F623D-46DB-40CB-86A3-9A0F4556E0DC}.Release|x64.Build.0 = Release|Any CPU
		{DE5F623D-46DB-40CB-86A3-9A0F4556E0DC}.Release|x86.ActiveCfg = Release|Any CPU
		{DE5F623D-46DB-40CB-86A3-9A0F4556E0DC}.Release|x86.Build.0 = Release|Any CPU
		{1858149A-1053-4762-9FAD-0DC7F40842E7}.Debug|Any CPU.ActiveCfg = Debug|Any CPU
		{1858149A-1053-4762-9FAD-0DC7F40842E7}.Debug|Any CPU.Build.0 = Debug|Any CPU
		{1858149A-1053-4762-9FAD-0DC7F40842E7}.Debug|ARM.ActiveCfg = Debug|Any CPU
		{1858149A-1053-4762-9FAD-0DC7F40842E7}.Debug|ARM.Build.0 = Debug|Any CPU
		{1858149A-1053-4762-9FAD-0DC7F40842E7}.Debug|iPhone.ActiveCfg = Debug|Any CPU
		{1858149A-1053-4762-9FAD-0DC7F40842E7}.Debug|iPhone.Build.0 = Debug|Any CPU
		{1858149A-1053-4762-9FAD-0DC7F40842E7}.Debug|iPhoneSimulator.ActiveCfg = Debug|Any CPU
		{1858149A-1053-4762-9FAD-0DC7F40842E7}.Debug|iPhoneSimulator.Build.0 = Debug|Any CPU
		{1858149A-1053-4762-9FAD-0DC7F40842E7}.Debug|x64.ActiveCfg = Debug|Any CPU
		{1858149A-1053-4762-9FAD-0DC7F40842E7}.Debug|x64.Build.0 = Debug|Any CPU
		{1858149A-1053-4762-9FAD-0DC7F40842E7}.Debug|x86.ActiveCfg = Debug|Any CPU
		{1858149A-1053-4762-9FAD-0DC7F40842E7}.Debug|x86.Build.0 = Debug|Any CPU
		{1858149A-1053-4762-9FAD-0DC7F40842E7}.Release|Any CPU.ActiveCfg = Release|Any CPU
		{1858149A-1053-4762-9FAD-0DC7F40842E7}.Release|Any CPU.Build.0 = Release|Any CPU
		{1858149A-1053-4762-9FAD-0DC7F40842E7}.Release|ARM.ActiveCfg = Release|Any CPU
		{1858149A-1053-4762-9FAD-0DC7F40842E7}.Release|ARM.Build.0 = Release|Any CPU
		{1858149A-1053-4762-9FAD-0DC7F40842E7}.Release|iPhone.ActiveCfg = Release|Any CPU
		{1858149A-1053-4762-9FAD-0DC7F40842E7}.Release|iPhone.Build.0 = Release|Any CPU
		{1858149A-1053-4762-9FAD-0DC7F40842E7}.Release|iPhoneSimulator.ActiveCfg = Release|Any CPU
		{1858149A-1053-4762-9FAD-0DC7F40842E7}.Release|iPhoneSimulator.Build.0 = Release|Any CPU
		{1858149A-1053-4762-9FAD-0DC7F40842E7}.Release|x64.ActiveCfg = Release|Any CPU
		{1858149A-1053-4762-9FAD-0DC7F40842E7}.Release|x64.Build.0 = Release|Any CPU
		{1858149A-1053-4762-9FAD-0DC7F40842E7}.Release|x86.ActiveCfg = Release|Any CPU
		{1858149A-1053-4762-9FAD-0DC7F40842E7}.Release|x86.Build.0 = Release|Any CPU
		{B41305FE-CEA1-4A3A-A33D-D3A13A702D0F}.Debug|Any CPU.ActiveCfg = Debug|Any CPU
		{B41305FE-CEA1-4A3A-A33D-D3A13A702D0F}.Debug|Any CPU.Build.0 = Debug|Any CPU
		{B41305FE-CEA1-4A3A-A33D-D3A13A702D0F}.Debug|ARM.ActiveCfg = Debug|Any CPU
		{B41305FE-CEA1-4A3A-A33D-D3A13A702D0F}.Debug|ARM.Build.0 = Debug|Any CPU
		{B41305FE-CEA1-4A3A-A33D-D3A13A702D0F}.Debug|iPhone.ActiveCfg = Debug|Any CPU
		{B41305FE-CEA1-4A3A-A33D-D3A13A702D0F}.Debug|iPhone.Build.0 = Debug|Any CPU
		{B41305FE-CEA1-4A3A-A33D-D3A13A702D0F}.Debug|iPhoneSimulator.ActiveCfg = Debug|Any CPU
		{B41305FE-CEA1-4A3A-A33D-D3A13A702D0F}.Debug|iPhoneSimulator.Build.0 = Debug|Any CPU
		{B41305FE-CEA1-4A3A-A33D-D3A13A702D0F}.Debug|x64.ActiveCfg = Debug|Any CPU
		{B41305FE-CEA1-4A3A-A33D-D3A13A702D0F}.Debug|x64.Build.0 = Debug|Any CPU
		{B41305FE-CEA1-4A3A-A33D-D3A13A702D0F}.Debug|x86.ActiveCfg = Debug|Any CPU
		{B41305FE-CEA1-4A3A-A33D-D3A13A702D0F}.Debug|x86.Build.0 = Debug|Any CPU
		{B41305FE-CEA1-4A3A-A33D-D3A13A702D0F}.Release|Any CPU.ActiveCfg = Release|Any CPU
		{B41305FE-CEA1-4A3A-A33D-D3A13A702D0F}.Release|Any CPU.Build.0 = Release|Any CPU
		{B41305FE-CEA1-4A3A-A33D-D3A13A702D0F}.Release|ARM.ActiveCfg = Release|Any CPU
		{B41305FE-CEA1-4A3A-A33D-D3A13A702D0F}.Release|ARM.Build.0 = Release|Any CPU
		{B41305FE-CEA1-4A3A-A33D-D3A13A702D0F}.Release|iPhone.ActiveCfg = Release|Any CPU
		{B41305FE-CEA1-4A3A-A33D-D3A13A702D0F}.Release|iPhone.Build.0 = Release|Any CPU
		{B41305FE-CEA1-4A3A-A33D-D3A13A702D0F}.Release|iPhoneSimulator.ActiveCfg = Release|Any CPU
		{B41305FE-CEA1-4A3A-A33D-D3A13A702D0F}.Release|iPhoneSimulator.Build.0 = Release|Any CPU
		{B41305FE-CEA1-4A3A-A33D-D3A13A702D0F}.Release|x64.ActiveCfg = Release|Any CPU
		{B41305FE-CEA1-4A3A-A33D-D3A13A702D0F}.Release|x64.Build.0 = Release|Any CPU
		{B41305FE-CEA1-4A3A-A33D-D3A13A702D0F}.Release|x86.ActiveCfg = Release|Any CPU
		{B41305FE-CEA1-4A3A-A33D-D3A13A702D0F}.Release|x86.Build.0 = Release|Any CPU
	EndGlobalSection
	GlobalSection(SolutionProperties) = preSolution
		HideSolutionNode = FALSE
	EndGlobalSection
	GlobalSection(NestedProjects) = preSolution
		{6DAC4A3F-4691-4217-BD37-9CC044616EF6} = {F47D2060-9080-405A-9292-819A8C83A403}
		{6A37B157-6AC6-4432-AF77-DAA5445BCB50} = {F47D2060-9080-405A-9292-819A8C83A403}
		{A23E5113-A0B9-4523-B252-DB92DC382E4E} = {F47D2060-9080-405A-9292-819A8C83A403}
		{0A10F54F-6E81-401F-BB5B-D176AD44FA4B} = {3BABA639-7803-4C8F-B597-9DE5EF755A31}
		{DE5F623D-46DB-40CB-86A3-9A0F4556E0DC} = {3BABA639-7803-4C8F-B597-9DE5EF755A31}
		{1858149A-1053-4762-9FAD-0DC7F40842E7} = {3BABA639-7803-4C8F-B597-9DE5EF755A31}
		{B41305FE-CEA1-4A3A-A33D-D3A13A702D0F} = {3BABA639-7803-4C8F-B597-9DE5EF755A31}
	EndGlobalSection
	GlobalSection(ExtensibilityGlobals) = postSolution
		SolutionGuid = {A538D64A-5BFD-4865-A48D-DF3D69419B83}
	EndGlobalSection
EndGlobal
