
Microsoft Visual Studio Solution File, Format Version 12.00
# Visual Studio Version 16
VisualStudioVersion = 16.0.31112.23
MinimumVisualStudioVersion = 10.0.40219.1
Project("{FAE04EC0-301F-11D3-BF4B-00C04F79EFBC}") = "App1.Android", "src\App1.Android\App1.Android.csproj", "{C9E2F004-0C77-40B4-96CD-13163B8146B8}"
EndProject
Project("{FAE04EC0-301F-11D3-BF4B-00C04F79EFBC}") = "App1.iOS", "src\App1.iOS\App1.iOS.csproj", "{7F764F63-2642-4A2C-9FFD-2DFDD9AA4672}"
EndProject
Project("{FAE04EC0-301F-11D3-BF4B-00C04F79EFBC}") = "App1", "src\App1\App1.csproj", "{4836DE28-223C-467B-B825-4A4EBEDF4811}"
EndProject
Global
	GlobalSection(SolutionConfigurationPlatforms) = preSolution
		Debug|Any CPU = Debug|Any CPU
		Debug|iPhone = Debug|iPhone
		Debug|iPhoneSimulator = Debug|iPhoneSimulator
		Release|Any CPU = Release|Any CPU
		Release|iPhone = Release|iPhone
		Release|iPhoneSimulator = Release|iPhoneSimulator
	EndGlobalSection
	GlobalSection(ProjectConfigurationPlatforms) = postSolution
		{C9E2F004-0C77-40B4-96CD-13163B8146B8}.Debug|Any CPU.ActiveCfg = Debug|Any CPU
		{C9E2F004-0C77-40B4-96CD-13163B8146B8}.Debug|Any CPU.Build.0 = Debug|Any CPU
		{C9E2F004-0C77-40B4-96CD-13163B8146B8}.Debug|Any CPU.Deploy.0 = Debug|Any CPU
		{C9E2F004-0C77-40B4-96CD-13163B8146B8}.Debug|iPhone.ActiveCfg = Debug|Any CPU
		{C9E2F004-0C77-40B4-96CD-13163B8146B8}.Debug|iPhone.Build.0 = Debug|Any CPU
		{C9E2F004-0C77-40B4-96CD-13163B8146B8}.Debug|iPhone.Deploy.0 = Debug|Any CPU
		{C9E2F004-0C77-40B4-96CD-13163B8146B8}.Debug|iPhoneSimulator.ActiveCfg = Debug|Any CPU
		{C9E2F004-0C77-40B4-96CD-13163B8146B8}.Debug|iPhoneSimulator.Build.0 = Debug|Any CPU
		{C9E2F004-0C77-40B4-96CD-13163B8146B8}.Debug|iPhoneSimulator.Deploy.0 = Debug|Any CPU
		{C9E2F004-0C77-40B4-96CD-13163B8146B8}.Release|Any CPU.ActiveCfg = Release|Any CPU
		{C9E2F004-0C77-40B4-96CD-13163B8146B8}.Release|Any CPU.Build.0 = Release|Any CPU
		{C9E2F004-0C77-40B4-96CD-13163B8146B8}.Release|Any CPU.Deploy.0 = Release|Any CPU
		{C9E2F004-0C77-40B4-96CD-13163B8146B8}.Release|iPhone.ActiveCfg = Release|Any CPU
		{C9E2F004-0C77-40B4-96CD-13163B8146B8}.Release|iPhone.Build.0 = Release|Any CPU
		{C9E2F004-0C77-40B4-96CD-13163B8146B8}.Release|iPhone.Deploy.0 = Release|Any CPU
		{C9E2F004-0C77-40B4-96CD-13163B8146B8}.Release|iPhoneSimulator.ActiveCfg = Release|Any CPU
		{C9E2F004-0C77-40B4-96CD-13163B8146B8}.Release|iPhoneSimulator.Build.0 = Release|Any CPU
		{C9E2F004-0C77-40B4-96CD-13163B8146B8}.Release|iPhoneSimulator.Deploy.0 = Release|Any CPU
		{7F764F63-2642-4A2C-9FFD-2DFDD9AA4672}.Debug|Any CPU.ActiveCfg = Debug|iPhone
		{7F764F63-2642-4A2C-9FFD-2DFDD9AA4672}.Debug|Any CPU.Build.0 = Debug|iPhone
		{7F764F63-2642-4A2C-9FFD-2DFDD9AA4672}.Debug|Any CPU.Deploy.0 = Debug|iPhone
		{7F764F63-2642-4A2C-9FFD-2DFDD9AA4672}.Debug|iPhone.ActiveCfg = Debug|iPhone
		{7F764F63-2642-4A2C-9FFD-2DFDD9AA4672}.Debug|iPhone.Build.0 = Debug|iPhone
		{7F764F63-2642-4A2C-9FFD-2DFDD9AA4672}.Debug|iPhone.Deploy.0 = Debug|iPhone
		{7F764F63-2642-4A2C-9FFD-2DFDD9AA4672}.Debug|iPhoneSimulator.ActiveCfg = Debug|iPhoneSimulator
		{7F764F63-2642-4A2C-9FFD-2DFDD9AA4672}.Debug|iPhoneSimulator.Build.0 = Debug|iPhoneSimulator
		{7F764F63-2642-4A2C-9FFD-2DFDD9AA4672}.Debug|iPhoneSimulator.Deploy.0 = Debug|iPhoneSimulator
		{7F764F63-2642-4A2C-9FFD-2DFDD9AA4672}.Release|Any CPU.ActiveCfg = Release|iPhoneSimulator
		{7F764F63-2642-4A2C-9FFD-2DFDD9AA4672}.Release|Any CPU.Build.0 = Release|iPhoneSimulator
		{7F764F63-2642-4A2C-9FFD-2DFDD9AA4672}.Release|Any CPU.Deploy.0 = Release|iPhoneSimulator
		{7F764F63-2642-4A2C-9FFD-2DFDD9AA4672}.Release|iPhone.ActiveCfg = Release|iPhone
		{7F764F63-2642-4A2C-9FFD-2DFDD9AA4672}.Release|iPhone.Build.0 = Release|iPhone
		{7F764F63-2642-4A2C-9FFD-2DFDD9AA4672}.Release|iPhone.Deploy.0 = Release|iPhone
		{7F764F63-2642-4A2C-9FFD-2DFDD9AA4672}.Release|iPhoneSimulator.ActiveCfg = Release|iPhoneSimulator
		{7F764F63-2642-4A2C-9FFD-2DFDD9AA4672}.Release|iPhoneSimulator.Build.0 = Release|iPhoneSimulator
		{7F764F63-2642-4A2C-9FFD-2DFDD9AA4672}.Release|iPhoneSimulator.Deploy.0 = Release|iPhoneSimulator
		{4836DE28-223C-467B-B825-4A4EBEDF4811}.Debug|Any CPU.ActiveCfg = Debug|Any CPU
		{4836DE28-223C-467B-B825-4A4EBEDF4811}.Debug|Any CPU.Build.0 = Debug|Any CPU
		{4836DE28-223C-467B-B825-4A4EBEDF4811}.Debug|Any CPU.Deploy.0 = Debug|Any CPU
		{4836DE28-223C-467B-B825-4A4EBEDF4811}.Debug|iPhone.ActiveCfg = Debug|Any CPU
		{4836DE28-223C-467B-B825-4A4EBEDF4811}.Debug|iPhone.Build.0 = Debug|Any CPU
		{4836DE28-223C-467B-B825-4A4EBEDF4811}.Debug|iPhone.Deploy.0 = Debug|Any CPU
		{4836DE28-223C-467B-B825-4A4EBEDF4811}.Debug|iPhoneSimulator.ActiveCfg = Debug|Any CPU
		{4836DE28-223C-467B-B825-4A4EBEDF4811}.Debug|iPhoneSimulator.Build.0 = Debug|Any CPU
		{4836DE28-223C-467B-B825-4A4EBEDF4811}.Debug|iPhoneSimulator.Deploy.0 = Debug|Any CPU
		{4836DE28-223C-467B-B825-4A4EBEDF4811}.Release|Any CPU.ActiveCfg = Release|Any CPU
		{4836DE28-223C-467B-B825-4A4EBEDF4811}.Release|Any CPU.Build.0 = Release|Any CPU
		{4836DE28-223C-467B-B825-4A4EBEDF4811}.Release|Any CPU.Deploy.0 = Release|Any CPU
		{4836DE28-223C-467B-B825-4A4EBEDF4811}.Release|iPhone.ActiveCfg = Release|Any CPU
		{4836DE28-223C-467B-B825-4A4EBEDF4811}.Release|iPhone.Build.0 = Release|Any CPU
		{4836DE28-223C-467B-B825-4A4EBEDF4811}.Release|iPhone.Deploy.0 = Release|Any CPU
		{4836DE28-223C-467B-B825-4A4EBEDF4811}.Release|iPhoneSimulator.ActiveCfg = Release|Any CPU
		{4836DE28-223C-467B-B825-4A4EBEDF4811}.Release|iPhoneSimulator.Build.0 = Release|Any CPU
		{4836DE28-223C-467B-B825-4A4EBEDF4811}.Release|iPhoneSimulator.Deploy.0 = Release|Any CPU
	EndGlobalSection
	GlobalSection(SolutionProperties) = preSolution
		HideSolutionNode = FALSE
	EndGlobalSection
	GlobalSection(ExtensibilityGlobals) = postSolution
		SolutionGuid = {10B0A6EB-C0FD-4636-B52F-9828B89D103C}
	EndGlobalSection
EndGlobal
